{
  "nodes": {
    "dwl-src": {
      "flake": false,
      "locked": {
        "lastModified": 1711756584,
        "narHash": "sha256-ktJ1uv51J4w5mKcRswJPWWIPgjmCHXET4qE/ixrMCf0=",
        "ref": "personalMain",
        "rev": "2ade570cd70589fb2888e089cd64119f83933462",
        "revCount": 1180,
        "type": "git",
        "url": "https://codeberg.org/ThiagoAssis/dwl"
      },
      "original": {
        "ref": "personalMain",
        "type": "git",
        "url": "https://codeberg.org/ThiagoAssis/dwl"
      }
    },
    "home-manager": {
      "inputs": {
        "nixpkgs": [
          "nixpkgs"
        ]
      },
      "locked": {
        "lastModified": 1711625603,
        "narHash": "sha256-W+9dfqA9bqUIBV5u7jaIARAzMe3kTq/Hp2SpSVXKRQw=",
        "owner": "nix-community",
        "repo": "home-manager",
        "rev": "c0ef0dab55611c676ad7539bf4e41b3ec6fa87d2",
        "type": "github"
      },
      "original": {
        "owner": "nix-community",
        "ref": "master",
        "repo": "home-manager",
        "type": "github"
      }
    },
    "hosts": {
      "flake": false,
      "locked": {
        "narHash": "sha256-UiQucz/I5BV1reprYZsOyeo/zwBaO2L1Zan8BvxgIZs=",
        "type": "file",
        "url": "http://sbc.io/hosts/alternates/fakenews-gambling-porn/hosts"
      },
      "original": {
        "type": "file",
        "url": "http://sbc.io/hosts/alternates/fakenews-gambling-porn/hosts"
      }
    },
    "nixpkgs": {
      "locked": {
        "lastModified": 1711708974,
        "narHash": "sha256-qdBcRm0F3gY6jKSvCJOz+jYXvCOlY2+tuSI5BuBTmzs=",
        "owner": "nixos",
        "repo": "nixpkgs",
        "rev": "82a35d388606993109cbac25045443c8ba8dc2d6",
        "type": "github"
      },
      "original": {
        "owner": "nixos",
        "ref": "nixos-unstable-small",
        "repo": "nixpkgs",
        "type": "github"
      }
    },
    "root": {
      "inputs": {
        "dwl-src": "dwl-src",
        "home-manager": "home-manager",
        "hosts": "hosts",
        "nixpkgs": "nixpkgs",
        "slstatus-src": "slstatus-src"
      }
    },
    "slstatus-src": {
      "flake": false,
      "locked": {
        "lastModified": 1711573889,
        "narHash": "sha256-XfnnwSwycdAkWEJ2Dq827x2U5QEGxX9Kbgm9cbJ2dwY=",
        "ref": "refs/heads/main",
        "rev": "d369d11b8f341d9a3e04abb5c2cc2e25e62f4cf4",
        "revCount": 21,
        "type": "git",
        "url": "https://codeberg.org/ThiagoAssis/slstatus.git"
      },
      "original": {
        "type": "git",
        "url": "https://codeberg.org/ThiagoAssis/slstatus.git"
      }
    }
  },
  "root": "root",
  "version": 7
}
