{
  "nodes": {
    "dwl": {
      "flake": false,
      "locked": {
        "lastModified": 1710180073,
        "narHash": "sha256-Dd2466wNfR/foZsBh8r0l/Q+lbr7zIFFumnQr2IVKb0=",
        "ref": "main",
        "rev": "2b171fd5010379a8674afa012245fea5a590e472",
        "revCount": 1155,
        "type": "git",
        "url": "https://codeberg.org/dwl/dwl"
      },
      "original": {
        "ref": "main",
        "type": "git",
        "url": "https://codeberg.org/dwl/dwl"
      }
    },
    "home-manager": {
      "inputs": {
        "nixpkgs": [
          "nixpkgs"
        ]
      },
      "locked": {
        "lastModified": 1710888565,
        "narHash": "sha256-s9Hi4RHhc6yut4EcYD50sZWRDKsugBJHSbON8KFwoTw=",
        "owner": "nix-community",
        "repo": "home-manager",
        "rev": "f33900124c23c4eca5831b9b5eb32ea5894375ce",
        "type": "github"
      },
      "original": {
        "owner": "nix-community",
        "ref": "release-23.11",
        "repo": "home-manager",
        "type": "github"
      }
    },
    "hosts": {
      "flake": false,
      "locked": {
        "narHash": "sha256-VTRukoDuLdotGfGD7ou21/e9rvMFyRYb0/TIMM8Pg48=",
        "type": "file",
        "url": "http://sbc.io/hosts/alternates/fakenews-gambling-porn/hosts"
      },
      "original": {
        "type": "file",
        "url": "http://sbc.io/hosts/alternates/fakenews-gambling-porn/hosts"
      }
    },
    "nixpkgs": {
      "locked": {
        "lastModified": 1711331653,
        "narHash": "sha256-ay51N+uXnWdU1DJtOrKu7eHxDOoUstSp75j8KjUftXI=",
        "owner": "nixos",
        "repo": "nixpkgs",
        "rev": "55cca434b7ee466df8ab30dff67b39a6ab6c526a",
        "type": "github"
      },
      "original": {
        "owner": "nixos",
        "ref": "nixos-23.11-small",
        "repo": "nixpkgs",
        "type": "github"
      }
    },
    "root": {
      "inputs": {
        "dwl": "dwl",
        "home-manager": "home-manager",
        "hosts": "hosts",
        "nixpkgs": "nixpkgs",
        "slstatus": "slstatus",
        "unstable": "unstable"
      }
    },
    "slstatus": {
      "flake": false,
      "locked": {
        "lastModified": 1688496438,
        "narHash": "sha256-cFah6EgApslLSlJaOy/5W9ZV9Z1lzfKye/rRh9Om3T4=",
        "ref": "master",
        "rev": "f68f49273e70b3767b30c549dda04ddd4d25fc91",
        "revCount": 604,
        "type": "git",
        "url": "https://git.suckless.org/slstatus"
      },
      "original": {
        "ref": "master",
        "type": "git",
        "url": "https://git.suckless.org/slstatus"
      }
    },
    "unstable": {
      "locked": {
        "lastModified": 1711333969,
        "narHash": "sha256-5PiWGn10DQjMZee5NXzeA6ccsv60iLu+Xtw+mfvkUAs=",
        "owner": "nixos",
        "repo": "nixpkgs",
        "rev": "57e6b3a9e4ebec5aa121188301f04a6b8c354c9b",
        "type": "github"
      },
      "original": {
        "owner": "nixos",
        "ref": "nixos-unstable-small",
        "repo": "nixpkgs",
        "type": "github"
      }
    }
  },
  "root": "root",
  "version": 7
}
